
Microsoft Visual Studio Solution File, Format Version 12.00
# Visual Studio Version 16
VisualStudioVersion = 16.0.29509.3
MinimumVisualStudioVersion = 10.0.40219.1
Project("{FAE04EC0-301F-11D3-BF4B-00C04F79EFBC}") = "1_Middleware", "1_Middleware\1_Middleware.csproj", "{8C981A38-9BED-4FE5-BECA-24B342A2FF82}"
EndProject
Global
	GlobalSection(SolutionConfigurationPlatforms) = preSolution
		Debug|Any CPU = Debug|Any CPU
		Release|Any CPU = Release|Any CPU
	EndGlobalSection
	GlobalSection(ProjectConfigurationPlatforms) = postSolution
		{8C981A38-9BED-4FE5-BECA-24B342A2FF82}.Debug|Any CPU.ActiveCfg = Debug|Any CPU
		{8C981A38-9BED-4FE5-BECA-24B342A2FF82}.Debug|Any CPU.Build.0 = Debug|Any CPU
		{8C981A38-9BED-4FE5-BECA-24B342A2FF82}.Release|Any CPU.ActiveCfg = Release|Any CPU
		{8C981A38-9BED-4FE5-BECA-24B342A2FF82}.Release|Any CPU.Build.0 = Release|Any CPU
	EndGlobalSection
	GlobalSection(SolutionProperties) = preSolution
		HideSolutionNode = FALSE
	EndGlobalSection
	GlobalSection(ExtensibilityGlobals) = postSolution
		SolutionGuid = {FC07499F-A7E7-49C8-AB1F-00ECF3454252}
	EndGlobalSection
EndGlobal
